// !$*UTF8*$!
{
	archiveVersion = 1;
	classes = {
	};
	objectVersion = 56;
	objects = {

/* Begin PBXBuildFile section */
		0F517F8629D9C92C000F760F /* SearchViewController.swift in Sources */ = {isa = PBXBuildFile; fileRef = 0F517F8529D9C92C000F760F /* SearchViewController.swift */; };
		0F9EEC6B29D6D80E00D092E4 /* PeopleTableViewCell.swift in Sources */ = {isa = PBXBuildFile; fileRef = 0F9EEC6929D6D80E00D092E4 /* PeopleTableViewCell.swift */; };
		0F9EEC6C29D6D80E00D092E4 /* PeopleTableViewCell.xib in Resources */ = {isa = PBXBuildFile; fileRef = 0F9EEC6A29D6D80E00D092E4 /* PeopleTableViewCell.xib */; };
		0FEF4D6A29D1E219007CE600 /* AppDelegate.swift in Sources */ = {isa = PBXBuildFile; fileRef = 0FEF4D6929D1E219007CE600 /* AppDelegate.swift */; };
		0FEF4D6C29D1E219007CE600 /* SceneDelegate.swift in Sources */ = {isa = PBXBuildFile; fileRef = 0FEF4D6B29D1E219007CE600 /* SceneDelegate.swift */; };
		0FEF4D7129D1E219007CE600 /* Main.storyboard in Resources */ = {isa = PBXBuildFile; fileRef = 0FEF4D6F29D1E219007CE600 /* Main.storyboard */; };
		0FEF4D7329D1E21B007CE600 /* Assets.xcassets in Resources */ = {isa = PBXBuildFile; fileRef = 0FEF4D7229D1E21B007CE600 /* Assets.xcassets */; };
		0FEF4D7629D1E21B007CE600 /* LaunchScreen.storyboard in Resources */ = {isa = PBXBuildFile; fileRef = 0FEF4D7429D1E21B007CE600 /* LaunchScreen.storyboard */; };
		0FEF4D8429D1E2F4007CE600 /* EndpointType.swift in Sources */ = {isa = PBXBuildFile; fileRef = 0FEF4D8329D1E2F4007CE600 /* EndpointType.swift */; };
		0FEF4D8729D20D7A007CE600 /* PeopleResponse.swift in Sources */ = {isa = PBXBuildFile; fileRef = 0FEF4D8629D20D7A007CE600 /* PeopleResponse.swift */; };
		0FEF4D8929D20DE6007CE600 /* BaseResponse.swift in Sources */ = {isa = PBXBuildFile; fileRef = 0FEF4D8829D20DE6007CE600 /* BaseResponse.swift */; };
		0FEF4D8B29D21153007CE600 /* PlanetsResponse.swift in Sources */ = {isa = PBXBuildFile; fileRef = 0FEF4D8A29D21153007CE600 /* PlanetsResponse.swift */; };
		0FEF4D8D29D216B1007CE600 /* FilmsResponse.swift in Sources */ = {isa = PBXBuildFile; fileRef = 0FEF4D8C29D216B1007CE600 /* FilmsResponse.swift */; };
		0FEF4D8F29D217C8007CE600 /* SpeciesResponse.swift in Sources */ = {isa = PBXBuildFile; fileRef = 0FEF4D8E29D217C8007CE600 /* SpeciesResponse.swift */; };
		0FEF4D9129D218AE007CE600 /* VehiclesResponse.swift in Sources */ = {isa = PBXBuildFile; fileRef = 0FEF4D9029D218AE007CE600 /* VehiclesResponse.swift */; };
		0FEF4D9329D21A04007CE600 /* StarshipsResponse.swift in Sources */ = {isa = PBXBuildFile; fileRef = 0FEF4D9229D21A04007CE600 /* StarshipsResponse.swift */; };
		0FEF4D9629D21C30007CE600 /* Int+Extensions.swift in Sources */ = {isa = PBXBuildFile; fileRef = 0FEF4D9529D21C30007CE600 /* Int+Extensions.swift */; };
		0FEF4D9829D2B175007CE600 /* Network.swift in Sources */ = {isa = PBXBuildFile; fileRef = 0FEF4D9729D2B175007CE600 /* Network.swift */; };
		0FEF4DA629D2DA5B007CE600 /* PeopleViewController.swift in Sources */ = {isa = PBXBuildFile; fileRef = 0FEF4DA429D2DA5B007CE600 /* PeopleViewController.swift */; };
		0FEF4DBA29D43C4B007CE600 /* PeopleViewController.xib in Resources */ = {isa = PBXBuildFile; fileRef = 0FEF4DB929D43C4B007CE600 /* PeopleViewController.xib */; };
		0FEF4DBE29D4414F007CE600 /* TableView+Extensions.swift in Sources */ = {isa = PBXBuildFile; fileRef = 0FEF4DBD29D4414F007CE600 /* TableView+Extensions.swift */; };
		0FEF4DC029D441BC007CE600 /* TableViewCell+Extensions.swift in Sources */ = {isa = PBXBuildFile; fileRef = 0FEF4DBF29D441BC007CE600 /* TableViewCell+Extensions.swift */; };
		0FEF4DC529D4428D007CE600 /* PlanetsTableViewCell.swift in Sources */ = {isa = PBXBuildFile; fileRef = 0FEF4DC329D4428D007CE600 /* PlanetsTableViewCell.swift */; };
		0FEF4DC629D4428D007CE600 /* PlanetsTableViewCell.xib in Resources */ = {isa = PBXBuildFile; fileRef = 0FEF4DC429D4428D007CE600 /* PlanetsTableViewCell.xib */; };
		0FEF4DC929D44BB8007CE600 /* PlanetsViewController.swift in Sources */ = {isa = PBXBuildFile; fileRef = 0FEF4DC729D44BB8007CE600 /* PlanetsViewController.swift */; };
		0FEF4DCA29D44BB8007CE600 /* PlanetsViewController.xib in Resources */ = {isa = PBXBuildFile; fileRef = 0FEF4DC829D44BB8007CE600 /* PlanetsViewController.xib */; };
/* End PBXBuildFile section */

/* Begin PBXFileReference section */
		0F517F8529D9C92C000F760F /* SearchViewController.swift */ = {isa = PBXFileReference; lastKnownFileType = sourcecode.swift; path = SearchViewController.swift; sourceTree = "<group>"; };
		0F9EEC6929D6D80E00D092E4 /* PeopleTableViewCell.swift */ = {isa = PBXFileReference; lastKnownFileType = sourcecode.swift; path = PeopleTableViewCell.swift; sourceTree = "<group>"; };
		0F9EEC6A29D6D80E00D092E4 /* PeopleTableViewCell.xib */ = {isa = PBXFileReference; lastKnownFileType = file.xib; path = PeopleTableViewCell.xib; sourceTree = "<group>"; };
		0FEF4D6629D1E219007CE600 /* StarWarsApp.app */ = {isa = PBXFileReference; explicitFileType = wrapper.application; includeInIndex = 0; path = StarWarsApp.app; sourceTree = BUILT_PRODUCTS_DIR; };
		0FEF4D6929D1E219007CE600 /* AppDelegate.swift */ = {isa = PBXFileReference; lastKnownFileType = sourcecode.swift; path = AppDelegate.swift; sourceTree = "<group>"; };
		0FEF4D6B29D1E219007CE600 /* SceneDelegate.swift */ = {isa = PBXFileReference; lastKnownFileType = sourcecode.swift; path = SceneDelegate.swift; sourceTree = "<group>"; };
		0FEF4D7029D1E219007CE600 /* Base */ = {isa = PBXFileReference; lastKnownFileType = file.storyboard; name = Base; path = Base.lproj/Main.storyboard; sourceTree = "<group>"; };
		0FEF4D7229D1E21B007CE600 /* Assets.xcassets */ = {isa = PBXFileReference; lastKnownFileType = folder.assetcatalog; path = Assets.xcassets; sourceTree = "<group>"; };
		0FEF4D7529D1E21B007CE600 /* Base */ = {isa = PBXFileReference; lastKnownFileType = file.storyboard; name = Base; path = Base.lproj/LaunchScreen.storyboard; sourceTree = "<group>"; };
		0FEF4D7729D1E21B007CE600 /* Info.plist */ = {isa = PBXFileReference; lastKnownFileType = text.plist.xml; path = Info.plist; sourceTree = "<group>"; };
		0FEF4D8329D1E2F4007CE600 /* EndpointType.swift */ = {isa = PBXFileReference; lastKnownFileType = sourcecode.swift; path = EndpointType.swift; sourceTree = "<group>"; };
		0FEF4D8629D20D7A007CE600 /* PeopleResponse.swift */ = {isa = PBXFileReference; lastKnownFileType = sourcecode.swift; path = PeopleResponse.swift; sourceTree = "<group>"; };
		0FEF4D8829D20DE6007CE600 /* BaseResponse.swift */ = {isa = PBXFileReference; lastKnownFileType = sourcecode.swift; path = BaseResponse.swift; sourceTree = "<group>"; };
		0FEF4D8A29D21153007CE600 /* PlanetsResponse.swift */ = {isa = PBXFileReference; lastKnownFileType = sourcecode.swift; path = PlanetsResponse.swift; sourceTree = "<group>"; };
		0FEF4D8C29D216B1007CE600 /* FilmsResponse.swift */ = {isa = PBXFileReference; lastKnownFileType = sourcecode.swift; path = FilmsResponse.swift; sourceTree = "<group>"; };
		0FEF4D8E29D217C8007CE600 /* SpeciesResponse.swift */ = {isa = PBXFileReference; lastKnownFileType = sourcecode.swift; path = SpeciesResponse.swift; sourceTree = "<group>"; };
		0FEF4D9029D218AE007CE600 /* VehiclesResponse.swift */ = {isa = PBXFileReference; lastKnownFileType = sourcecode.swift; path = VehiclesResponse.swift; sourceTree = "<group>"; };
		0FEF4D9229D21A04007CE600 /* StarshipsResponse.swift */ = {isa = PBXFileReference; lastKnownFileType = sourcecode.swift; path = StarshipsResponse.swift; sourceTree = "<group>"; };
		0FEF4D9529D21C30007CE600 /* Int+Extensions.swift */ = {isa = PBXFileReference; lastKnownFileType = sourcecode.swift; path = "Int+Extensions.swift"; sourceTree = "<group>"; };
		0FEF4D9729D2B175007CE600 /* Network.swift */ = {isa = PBXFileReference; lastKnownFileType = sourcecode.swift; path = Network.swift; sourceTree = "<group>"; };
		0FEF4DA429D2DA5B007CE600 /* PeopleViewController.swift */ = {isa = PBXFileReference; lastKnownFileType = sourcecode.swift; path = PeopleViewController.swift; sourceTree = "<group>"; };
		0FEF4DB929D43C4B007CE600 /* PeopleViewController.xib */ = {isa = PBXFileReference; fileEncoding = 4; lastKnownFileType = file.xib; path = PeopleViewController.xib; sourceTree = "<group>"; };
		0FEF4DBD29D4414F007CE600 /* TableView+Extensions.swift */ = {isa = PBXFileReference; lastKnownFileType = sourcecode.swift; path = "TableView+Extensions.swift"; sourceTree = "<group>"; };
		0FEF4DBF29D441BC007CE600 /* TableViewCell+Extensions.swift */ = {isa = PBXFileReference; lastKnownFileType = sourcecode.swift; path = "TableViewCell+Extensions.swift"; sourceTree = "<group>"; };
		0FEF4DC329D4428D007CE600 /* PlanetsTableViewCell.swift */ = {isa = PBXFileReference; lastKnownFileType = sourcecode.swift; path = PlanetsTableViewCell.swift; sourceTree = "<group>"; };
		0FEF4DC429D4428D007CE600 /* PlanetsTableViewCell.xib */ = {isa = PBXFileReference; lastKnownFileType = file.xib; path = PlanetsTableViewCell.xib; sourceTree = "<group>"; };
		0FEF4DC729D44BB8007CE600 /* PlanetsViewController.swift */ = {isa = PBXFileReference; lastKnownFileType = sourcecode.swift; path = PlanetsViewController.swift; sourceTree = "<group>"; };
		0FEF4DC829D44BB8007CE600 /* PlanetsViewController.xib */ = {isa = PBXFileReference; lastKnownFileType = file.xib; path = PlanetsViewController.xib; sourceTree = "<group>"; };
/* End PBXFileReference section */

/* Begin PBXFrameworksBuildPhase section */
		0FEF4D6329D1E219007CE600 /* Frameworks */ = {
			isa = PBXFrameworksBuildPhase;
			buildActionMask = 2147483647;
			files = (
			);
			runOnlyForDeploymentPostprocessing = 0;
		};
/* End PBXFrameworksBuildPhase section */

/* Begin PBXGroup section */
		0F517F8429D9C913000F760F /* SearchView */ = {
			isa = PBXGroup;
			children = (
				0F517F8529D9C92C000F760F /* SearchViewController.swift */,
			);
			path = SearchView;
			sourceTree = "<group>";
		};
		0F9EEC6829D6CE3200D092E4 /* Cell */ = {
			isa = PBXGroup;
			children = (
				0F9EEC6929D6D80E00D092E4 /* PeopleTableViewCell.swift */,
				0F9EEC6A29D6D80E00D092E4 /* PeopleTableViewCell.xib */,
			);
			path = Cell;
			sourceTree = "<group>";
		};
		0FEF4D5D29D1E219007CE600 = {
			isa = PBXGroup;
			children = (
				0FEF4D6829D1E219007CE600 /* StarWarsApp */,
				0FEF4D6729D1E219007CE600 /* Products */,
			);
			sourceTree = "<group>";
		};
		0FEF4D6729D1E219007CE600 /* Products */ = {
			isa = PBXGroup;
			children = (
				0FEF4D6629D1E219007CE600 /* StarWarsApp.app */,
			);
			name = Products;
			sourceTree = "<group>";
		};
		0FEF4D6829D1E219007CE600 /* StarWarsApp */ = {
			isa = PBXGroup;
			children = (
				0FEF4D7D29D1E227007CE600 /* Application Delegates */,
				0FEF4D9429D21C14007CE600 /* Extensions */,
				0FEF4D8229D1E2DD007CE600 /* Network */,
				0FEF4D7E29D1E232007CE600 /* Resources */,
				0FEF4D7F29D1E23B007CE600 /* Storyboards */,
				0FEF4D8029D1E253007CE600 /* Supporting Files */,
				0FEF4D8129D1E261007CE600 /* Views */,
			);
			path = StarWarsApp;
			sourceTree = "<group>";
		};
		0FEF4D7D29D1E227007CE600 /* Application Delegates */ = {
			isa = PBXGroup;
			children = (
				0FEF4D6929D1E219007CE600 /* AppDelegate.swift */,
				0FEF4D6B29D1E219007CE600 /* SceneDelegate.swift */,
			);
			path = "Application Delegates";
			sourceTree = "<group>";
		};
		0FEF4D7E29D1E232007CE600 /* Resources */ = {
			isa = PBXGroup;
			children = (
				0FEF4D7229D1E21B007CE600 /* Assets.xcassets */,
			);
			path = Resources;
			sourceTree = "<group>";
		};
		0FEF4D7F29D1E23B007CE600 /* Storyboards */ = {
			isa = PBXGroup;
			children = (
				0FEF4D7429D1E21B007CE600 /* LaunchScreen.storyboard */,
				0FEF4D6F29D1E219007CE600 /* Main.storyboard */,
			);
			path = Storyboards;
			sourceTree = "<group>";
		};
		0FEF4D8029D1E253007CE600 /* Supporting Files */ = {
			isa = PBXGroup;
			children = (
				0FEF4D7729D1E21B007CE600 /* Info.plist */,
			);
			path = "Supporting Files";
			sourceTree = "<group>";
		};
		0FEF4D8129D1E261007CE600 /* Views */ = {
			isa = PBXGroup;
			children = (
				0F517F8429D9C913000F760F /* SearchView */,
				0FEF4D9A29D2D128007CE600 /* FilmsView */,
				0FEF4D9929D2D11C007CE600 /* PeopleView */,
				0FEF4D9B29D2D135007CE600 /* PlanetsView */,
				0FEF4D9C29D2D13D007CE600 /* SpeciesView */,
				0FEF4D9D29D2D146007CE600 /* StarshipsView */,
				0FEF4D9E29D2D154007CE600 /* VehiclesView */,
			);
			path = Views;
			sourceTree = "<group>";
		};
		0FEF4D8229D1E2DD007CE600 /* Network */ = {
			isa = PBXGroup;
			children = (
				0FEF4D8529D20BA9007CE600 /* Responses */,
				0FEF4D8329D1E2F4007CE600 /* EndpointType.swift */,
				0FEF4D9729D2B175007CE600 /* Network.swift */,
			);
			path = Network;
			sourceTree = "<group>";
		};
		0FEF4D8529D20BA9007CE600 /* Responses */ = {
			isa = PBXGroup;
			children = (
				0FEF4D8829D20DE6007CE600 /* BaseResponse.swift */,
				0FEF4D8C29D216B1007CE600 /* FilmsResponse.swift */,
				0FEF4D8629D20D7A007CE600 /* PeopleResponse.swift */,
				0FEF4D8A29D21153007CE600 /* PlanetsResponse.swift */,
				0FEF4D8E29D217C8007CE600 /* SpeciesResponse.swift */,
				0FEF4D9229D21A04007CE600 /* StarshipsResponse.swift */,
				0FEF4D9029D218AE007CE600 /* VehiclesResponse.swift */,
			);
			path = Responses;
			sourceTree = "<group>";
		};
		0FEF4D9429D21C14007CE600 /* Extensions */ = {
			isa = PBXGroup;
			children = (
				0FEF4D9529D21C30007CE600 /* Int+Extensions.swift */,
				0FEF4DBD29D4414F007CE600 /* TableView+Extensions.swift */,
				0FEF4DBF29D441BC007CE600 /* TableViewCell+Extensions.swift */,
			);
			path = Extensions;
			sourceTree = "<group>";
		};
		0FEF4D9929D2D11C007CE600 /* PeopleView */ = {
			isa = PBXGroup;
			children = (
				0F9EEC6829D6CE3200D092E4 /* Cell */,
				0FEF4DA829D2DA60007CE600 /* Controller */,
			);
			path = PeopleView;
			sourceTree = "<group>";
		};
		0FEF4D9A29D2D128007CE600 /* FilmsView */ = {
			isa = PBXGroup;
			children = (
			);
			path = FilmsView;
			sourceTree = "<group>";
		};
		0FEF4D9B29D2D135007CE600 /* PlanetsView */ = {
			isa = PBXGroup;
			children = (
				0FEF4DC229D4423F007CE600 /* Cell */,
				0FEF4DC129D44232007CE600 /* View Controller */,
			);
			path = PlanetsView;
			sourceTree = "<group>";
		};
		0FEF4D9C29D2D13D007CE600 /* SpeciesView */ = {
			isa = PBXGroup;
			children = (
			);
			path = SpeciesView;
			sourceTree = "<group>";
		};
		0FEF4D9D29D2D146007CE600 /* StarshipsView */ = {
			isa = PBXGroup;
			children = (
			);
			path = StarshipsView;
			sourceTree = "<group>";
		};
		0FEF4D9E29D2D154007CE600 /* VehiclesView */ = {
			isa = PBXGroup;
			children = (
			);
			path = VehiclesView;
			sourceTree = "<group>";
		};
		0FEF4DA829D2DA60007CE600 /* Controller */ = {
			isa = PBXGroup;
			children = (
				0FEF4DA429D2DA5B007CE600 /* PeopleViewController.swift */,
				0FEF4DB929D43C4B007CE600 /* PeopleViewController.xib */,
			);
			path = Controller;
			sourceTree = "<group>";
		};
		0FEF4DC129D44232007CE600 /* View Controller */ = {
			isa = PBXGroup;
			children = (
				0FEF4DC729D44BB8007CE600 /* PlanetsViewController.swift */,
				0FEF4DC829D44BB8007CE600 /* PlanetsViewController.xib */,
			);
			path = "View Controller";
			sourceTree = "<group>";
		};
		0FEF4DC229D4423F007CE600 /* Cell */ = {
			isa = PBXGroup;
			children = (
				0FEF4DC329D4428D007CE600 /* PlanetsTableViewCell.swift */,
				0FEF4DC429D4428D007CE600 /* PlanetsTableViewCell.xib */,
			);
			path = Cell;
			sourceTree = "<group>";
		};
/* End PBXGroup section */

/* Begin PBXNativeTarget section */
		0FEF4D6529D1E219007CE600 /* StarWarsApp */ = {
			isa = PBXNativeTarget;
			buildConfigurationList = 0FEF4D7A29D1E21B007CE600 /* Build configuration list for PBXNativeTarget "StarWarsApp" */;
			buildPhases = (
				0FEF4D6229D1E219007CE600 /* Sources */,
				0FEF4D6329D1E219007CE600 /* Frameworks */,
				0FEF4D6429D1E219007CE600 /* Resources */,
			);
			buildRules = (
			);
			dependencies = (
			);
			name = StarWarsApp;
			productName = StarWarsApp;
			productReference = 0FEF4D6629D1E219007CE600 /* StarWarsApp.app */;
			productType = "com.apple.product-type.application";
		};
/* End PBXNativeTarget section */

/* Begin PBXProject section */
		0FEF4D5E29D1E219007CE600 /* Project object */ = {
			isa = PBXProject;
			attributes = {
				BuildIndependentTargetsInParallel = 1;
				LastSwiftUpdateCheck = 1420;
				LastUpgradeCheck = 1420;
				TargetAttributes = {
					0FEF4D6529D1E219007CE600 = {
						CreatedOnToolsVersion = 14.2;
					};
				};
			};
			buildConfigurationList = 0FEF4D6129D1E219007CE600 /* Build configuration list for PBXProject "StarWarsApp" */;
			compatibilityVersion = "Xcode 14.0";
			developmentRegion = en;
			hasScannedForEncodings = 0;
			knownRegions = (
				en,
				Base,
			);
			mainGroup = 0FEF4D5D29D1E219007CE600;
			productRefGroup = 0FEF4D6729D1E219007CE600 /* Products */;
			projectDirPath = "";
			projectRoot = "";
			targets = (
				0FEF4D6529D1E219007CE600 /* StarWarsApp */,
			);
		};
/* End PBXProject section */

/* Begin PBXResourcesBuildPhase section */
		0FEF4D6429D1E219007CE600 /* Resources */ = {
			isa = PBXResourcesBuildPhase;
			buildActionMask = 2147483647;
			files = (
				0FEF4DCA29D44BB8007CE600 /* PlanetsViewController.xib in Resources */,
				0FEF4D7629D1E21B007CE600 /* LaunchScreen.storyboard in Resources */,
				0FEF4DC629D4428D007CE600 /* PlanetsTableViewCell.xib in Resources */,
				0FEF4DBA29D43C4B007CE600 /* PeopleViewController.xib in Resources */,
				0FEF4D7329D1E21B007CE600 /* Assets.xcassets in Resources */,
				0FEF4D7129D1E219007CE600 /* Main.storyboard in Resources */,
				0F9EEC6C29D6D80E00D092E4 /* PeopleTableViewCell.xib in Resources */,
			);
			runOnlyForDeploymentPostprocessing = 0;
		};
/* End PBXResourcesBuildPhase section */

/* Begin PBXSourcesBuildPhase section */
		0FEF4D6229D1E219007CE600 /* Sources */ = {
			isa = PBXSourcesBuildPhase;
			buildActionMask = 2147483647;
			files = (
				0FEF4D9829D2B175007CE600 /* Network.swift in Sources */,
				0FEF4DBE29D4414F007CE600 /* TableView+Extensions.swift in Sources */,
				0FEF4D9329D21A04007CE600 /* StarshipsResponse.swift in Sources */,
				0FEF4DC929D44BB8007CE600 /* PlanetsViewController.swift in Sources */,
				0F517F8629D9C92C000F760F /* SearchViewController.swift in Sources */,
				0FEF4D8D29D216B1007CE600 /* FilmsResponse.swift in Sources */,
				0FEF4D9129D218AE007CE600 /* VehiclesResponse.swift in Sources */,
				0FEF4D8B29D21153007CE600 /* PlanetsResponse.swift in Sources */,
				0FEF4DA629D2DA5B007CE600 /* PeopleViewController.swift in Sources */,
				0FEF4D8429D1E2F4007CE600 /* EndpointType.swift in Sources */,
				0FEF4D6A29D1E219007CE600 /* AppDelegate.swift in Sources */,
				0FEF4DC029D441BC007CE600 /* TableViewCell+Extensions.swift in Sources */,
				0FEF4D8929D20DE6007CE600 /* BaseResponse.swift in Sources */,
				0FEF4D8729D20D7A007CE600 /* PeopleResponse.swift in Sources */,
				0FEF4D9629D21C30007CE600 /* Int+Extensions.swift in Sources */,
				0FEF4D8F29D217C8007CE600 /* SpeciesResponse.swift in Sources */,
				0FEF4D6C29D1E219007CE600 /* SceneDelegate.swift in Sources */,
				0FEF4DC529D4428D007CE600 /* PlanetsTableViewCell.swift in Sources */,
				0F9EEC6B29D6D80E00D092E4 /* PeopleTableViewCell.swift in Sources */,
			);
			runOnlyForDeploymentPostprocessing = 0;
		};
/* End PBXSourcesBuildPhase section */

/* Begin PBXVariantGroup section */
		0FEF4D6F29D1E219007CE600 /* Main.storyboard */ = {
			isa = PBXVariantGroup;
			children = (
				0FEF4D7029D1E219007CE600 /* Base */,
			);
			name = Main.storyboard;
			sourceTree = "<group>";
		};
		0FEF4D7429D1E21B007CE600 /* LaunchScreen.storyboard */ = {
			isa = PBXVariantGroup;
			children = (
				0FEF4D7529D1E21B007CE600 /* Base */,
			);
			name = LaunchScreen.storyboard;
			sourceTree = "<group>";
		};
/* End PBXVariantGroup section */

/* Begin XCBuildConfiguration section */
		0FEF4D7829D1E21B007CE600 /* Debug */ = {
			isa = XCBuildConfiguration;
			buildSettings = {
				ALWAYS_SEARCH_USER_PATHS = NO;
				CLANG_ANALYZER_NONNULL = YES;
				CLANG_ANALYZER_NUMBER_OBJECT_CONVERSION = YES_AGGRESSIVE;
				CLANG_CXX_LANGUAGE_STANDARD = "gnu++20";
				CLANG_ENABLE_MODULES = YES;
				CLANG_ENABLE_OBJC_ARC = YES;
				CLANG_ENABLE_OBJC_WEAK = YES;
				CLANG_WARN_BLOCK_CAPTURE_AUTORELEASING = YES;
				CLANG_WARN_BOOL_CONVERSION = YES;
				CLANG_WARN_COMMA = YES;
				CLANG_WARN_CONSTANT_CONVERSION = YES;
				CLANG_WARN_DEPRECATED_OBJC_IMPLEMENTATIONS = YES;
				CLANG_WARN_DIRECT_OBJC_ISA_USAGE = YES_ERROR;
				CLANG_WARN_DOCUMENTATION_COMMENTS = YES;
				CLANG_WARN_EMPTY_BODY = YES;
				CLANG_WARN_ENUM_CONVERSION = YES;
				CLANG_WARN_INFINITE_RECURSION = YES;
				CLANG_WARN_INT_CONVERSION = YES;
				CLANG_WARN_NON_LITERAL_NULL_CONVERSION = YES;
				CLANG_WARN_OBJC_IMPLICIT_RETAIN_SELF = YES;
				CLANG_WARN_OBJC_LITERAL_CONVERSION = YES;
				CLANG_WARN_OBJC_ROOT_CLASS = YES_ERROR;
				CLANG_WARN_QUOTED_INCLUDE_IN_FRAMEWORK_HEADER = YES;
				CLANG_WARN_RANGE_LOOP_ANALYSIS = YES;
				CLANG_WARN_STRICT_PROTOTYPES = YES;
				CLANG_WARN_SUSPICIOUS_MOVE = YES;
				CLANG_WARN_UNGUARDED_AVAILABILITY = YES_AGGRESSIVE;
				CLANG_WARN_UNREACHABLE_CODE = YES;
				CLANG_WARN__DUPLICATE_METHOD_MATCH = YES;
				COPY_PHASE_STRIP = NO;
				DEBUG_INFORMATION_FORMAT = dwarf;
				ENABLE_STRICT_OBJC_MSGSEND = YES;
				ENABLE_TESTABILITY = YES;
				GCC_C_LANGUAGE_STANDARD = gnu11;
				GCC_DYNAMIC_NO_PIC = NO;
				GCC_NO_COMMON_BLOCKS = YES;
				GCC_OPTIMIZATION_LEVEL = 0;
				GCC_PREPROCESSOR_DEFINITIONS = (
					"DEBUG=1",
					"$(inherited)",
				);
				GCC_WARN_64_TO_32_BIT_CONVERSION = YES;
				GCC_WARN_ABOUT_RETURN_TYPE = YES_ERROR;
				GCC_WARN_UNDECLARED_SELECTOR = YES;
				GCC_WARN_UNINITIALIZED_AUTOS = YES_AGGRESSIVE;
				GCC_WARN_UNUSED_FUNCTION = YES;
				GCC_WARN_UNUSED_VARIABLE = YES;
				IPHONEOS_DEPLOYMENT_TARGET = 16.2;
				MTL_ENABLE_DEBUG_INFO = INCLUDE_SOURCE;
				MTL_FAST_MATH = YES;
				ONLY_ACTIVE_ARCH = YES;
				SDKROOT = iphoneos;
				SWIFT_ACTIVE_COMPILATION_CONDITIONS = DEBUG;
				SWIFT_OPTIMIZATION_LEVEL = "-Onone";
			};
			name = Debug;
		};
		0FEF4D7929D1E21B007CE600 /* Release */ = {
			isa = XCBuildConfiguration;
			buildSettings = {
				ALWAYS_SEARCH_USER_PATHS = NO;
				CLANG_ANALYZER_NONNULL = YES;
				CLANG_ANALYZER_NUMBER_OBJECT_CONVERSION = YES_AGGRESSIVE;
				CLANG_CXX_LANGUAGE_STANDARD = "gnu++20";
				CLANG_ENABLE_MODULES = YES;
				CLANG_ENABLE_OBJC_ARC = YES;
				CLANG_ENABLE_OBJC_WEAK = YES;
				CLANG_WARN_BLOCK_CAPTURE_AUTORELEASING = YES;
				CLANG_WARN_BOOL_CONVERSION = YES;
				CLANG_WARN_COMMA = YES;
				CLANG_WARN_CONSTANT_CONVERSION = YES;
				CLANG_WARN_DEPRECATED_OBJC_IMPLEMENTATIONS = YES;
				CLANG_WARN_DIRECT_OBJC_ISA_USAGE = YES_ERROR;
				CLANG_WARN_DOCUMENTATION_COMMENTS = YES;
				CLANG_WARN_EMPTY_BODY = YES;
				CLANG_WARN_ENUM_CONVERSION = YES;
				CLANG_WARN_INFINITE_RECURSION = YES;
				CLANG_WARN_INT_CONVERSION = YES;
				CLANG_WARN_NON_LITERAL_NULL_CONVERSION = YES;
				CLANG_WARN_OBJC_IMPLICIT_RETAIN_SELF = YES;
				CLANG_WARN_OBJC_LITERAL_CONVERSION = YES;
				CLANG_WARN_OBJC_ROOT_CLASS = YES_ERROR;
				CLANG_WARN_QUOTED_INCLUDE_IN_FRAMEWORK_HEADER = YES;
				CLANG_WARN_RANGE_LOOP_ANALYSIS = YES;
				CLANG_WARN_STRICT_PROTOTYPES = YES;
				CLANG_WARN_SUSPICIOUS_MOVE = YES;
				CLANG_WARN_UNGUARDED_AVAILABILITY = YES_AGGRESSIVE;
				CLANG_WARN_UNREACHABLE_CODE = YES;
				CLANG_WARN__DUPLICATE_METHOD_MATCH = YES;
				COPY_PHASE_STRIP = NO;
				DEBUG_INFORMATION_FORMAT = "dwarf-with-dsym";
				ENABLE_NS_ASSERTIONS = NO;
				ENABLE_STRICT_OBJC_MSGSEND = YES;
				GCC_C_LANGUAGE_STANDARD = gnu11;
				GCC_NO_COMMON_BLOCKS = YES;
				GCC_WARN_64_TO_32_BIT_CONVERSION = YES;
				GCC_WARN_ABOUT_RETURN_TYPE = YES_ERROR;
				GCC_WARN_UNDECLARED_SELECTOR = YES;
				GCC_WARN_UNINITIALIZED_AUTOS = YES_AGGRESSIVE;
				GCC_WARN_UNUSED_FUNCTION = YES;
				GCC_WARN_UNUSED_VARIABLE = YES;
				IPHONEOS_DEPLOYMENT_TARGET = 16.2;
				MTL_ENABLE_DEBUG_INFO = NO;
				MTL_FAST_MATH = YES;
				SDKROOT = iphoneos;
				SWIFT_COMPILATION_MODE = wholemodule;
				SWIFT_OPTIMIZATION_LEVEL = "-O";
				VALIDATE_PRODUCT = YES;
			};
			name = Release;
		};
		0FEF4D7B29D1E21B007CE600 /* Debug */ = {
			isa = XCBuildConfiguration;
			buildSettings = {
				ASSETCATALOG_COMPILER_APPICON_NAME = AppIcon;
				ASSETCATALOG_COMPILER_GLOBAL_ACCENT_COLOR_NAME = AccentColor;
				CODE_SIGN_STYLE = Automatic;
				CURRENT_PROJECT_VERSION = 1;
				DEVELOPMENT_TEAM = BLKR46MXMF;
				GENERATE_INFOPLIST_FILE = YES;
				INFOPLIST_FILE = "StarWarsApp/Supporting Files/Info.plist";
				INFOPLIST_KEY_UIApplicationSupportsIndirectInputEvents = YES;
				INFOPLIST_KEY_UILaunchStoryboardName = LaunchScreen;
				INFOPLIST_KEY_UIMainStoryboardFile = Main;
				INFOPLIST_KEY_UISupportedInterfaceOrientations_iPad = "UIInterfaceOrientationPortrait UIInterfaceOrientationPortraitUpsideDown UIInterfaceOrientationLandscapeLeft UIInterfaceOrientationLandscapeRight";
				INFOPLIST_KEY_UISupportedInterfaceOrientations_iPhone = "UIInterfaceOrientationPortrait UIInterfaceOrientationLandscapeLeft UIInterfaceOrientationLandscapeRight";
				LD_RUNPATH_SEARCH_PATHS = (
					"$(inherited)",
					"@executable_path/Frameworks",
				);
				MARKETING_VERSION = 1.0;
				PRODUCT_BUNDLE_IDENTIFIER = com.example.StarWarsApp;
				PRODUCT_NAME = "$(TARGET_NAME)";
				SWIFT_EMIT_LOC_STRINGS = YES;
				SWIFT_VERSION = 5.0;
				TARGETED_DEVICE_FAMILY = "1,2";
			};
			name = Debug;
		};
		0FEF4D7C29D1E21B007CE600 /* Release */ = {
			isa = XCBuildConfiguration;
			buildSettings = {
				ASSETCATALOG_COMPILER_APPICON_NAME = AppIcon;
				ASSETCATALOG_COMPILER_GLOBAL_ACCENT_COLOR_NAME = AccentColor;
				CODE_SIGN_STYLE = Automatic;
				CURRENT_PROJECT_VERSION = 1;
				DEVELOPMENT_TEAM = BLKR46MXMF;
				GENERATE_INFOPLIST_FILE = YES;
				INFOPLIST_FILE = "StarWarsApp/Supporting Files/Info.plist";
				INFOPLIST_KEY_UIApplicationSupportsIndirectInputEvents = YES;
				INFOPLIST_KEY_UILaunchStoryboardName = LaunchScreen;
				INFOPLIST_KEY_UIMainStoryboardFile = Main;
				INFOPLIST_KEY_UISupportedInterfaceOrientations_iPad = "UIInterfaceOrientationPortrait UIInterfaceOrientationPortraitUpsideDown UIInterfaceOrientationLandscapeLeft UIInterfaceOrientationLandscapeRight";
				INFOPLIST_KEY_UISupportedInterfaceOrientations_iPhone = "UIInterfaceOrientationPortrait UIInterfaceOrientationLandscapeLeft UIInterfaceOrientationLandscapeRight";
				LD_RUNPATH_SEARCH_PATHS = (
					"$(inherited)",
					"@executable_path/Frameworks",
				);
				MARKETING_VERSION = 1.0;
				PRODUCT_BUNDLE_IDENTIFIER = com.example.StarWarsApp;
				PRODUCT_NAME = "$(TARGET_NAME)";
				SWIFT_EMIT_LOC_STRINGS = YES;
				SWIFT_VERSION = 5.0;
				TARGETED_DEVICE_FAMILY = "1,2";
			};
			name = Release;
		};
/* End XCBuildConfiguration section */

/* Begin XCConfigurationList section */
		0FEF4D6129D1E219007CE600 /* Build configuration list for PBXProject "StarWarsApp" */ = {
			isa = XCConfigurationList;
			buildConfigurations = (
				0FEF4D7829D1E21B007CE600 /* Debug */,
				0FEF4D7929D1E21B007CE600 /* Release */,
			);
			defaultConfigurationIsVisible = 0;
			defaultConfigurationName = Release;
		};
		0FEF4D7A29D1E21B007CE600 /* Build configuration list for PBXNativeTarget "StarWarsApp" */ = {
			isa = XCConfigurationList;
			buildConfigurations = (
				0FEF4D7B29D1E21B007CE600 /* Debug */,
				0FEF4D7C29D1E21B007CE600 /* Release */,
			);
			defaultConfigurationIsVisible = 0;
			defaultConfigurationName = Release;
		};
/* End XCConfigurationList section */
	};
	rootObject = 0FEF4D5E29D1E219007CE600 /* Project object */;
}
